
Microsoft Visual Studio Solution File, Format Version 12.00
# Visual Studio 15
VisualStudioVersion = 15.0.26124.0
MinimumVisualStudioVersion = 15.0.26124.0
Project("{FAE04EC0-301F-11D3-BF4B-00C04F79EFBC}") = "Project.App", "Project.App\Project.App.csproj", "{8423CE33-C8D2-422E-A737-16809A05052F}"
EndProject
Project("{FAE04EC0-301F-11D3-BF4B-00C04F79EFBC}") = "Project.IntegrationTests", "Project.IntegrationTests\Project.IntegrationTests.csproj", "{C729F30C-3702-4B96-8EDA-3ECF5379734B}"
EndProject
Global
	GlobalSection(SolutionConfigurationPlatforms) = preSolution
		Debug|Any CPU = Debug|Any CPU
		Debug|x64 = Debug|x64
		Debug|x86 = Debug|x86
		Release|Any CPU = Release|Any CPU
		Release|x64 = Release|x64
		Release|x86 = Release|x86
	EndGlobalSection
	GlobalSection(SolutionProperties) = preSolution
		HideSolutionNode = FALSE
	EndGlobalSection
	GlobalSection(ProjectConfigurationPlatforms) = postSolution
		{8423CE33-C8D2-422E-A737-16809A05052F}.Debug|Any CPU.ActiveCfg = Debug|Any CPU
		{8423CE33-C8D2-422E-A737-16809A05052F}.Debug|Any CPU.Build.0 = Debug|Any CPU
		{8423CE33-C8D2-422E-A737-16809A05052F}.Debug|x64.ActiveCfg = Debug|Any CPU
		{8423CE33-C8D2-422E-A737-16809A05052F}.Debug|x64.Build.0 = Debug|Any CPU
		{8423CE33-C8D2-422E-A737-16809A05052F}.Debug|x86.ActiveCfg = Debug|Any CPU
		{8423CE33-C8D2-422E-A737-16809A05052F}.Debug|x86.Build.0 = Debug|Any CPU
		{8423CE33-C8D2-422E-A737-16809A05052F}.Release|Any CPU.ActiveCfg = Release|Any CPU
		{8423CE33-C8D2-422E-A737-16809A05052F}.Release|Any CPU.Build.0 = Release|Any CPU
		{8423CE33-C8D2-422E-A737-16809A05052F}.Release|x64.ActiveCfg = Release|Any CPU
		{8423CE33-C8D2-422E-A737-16809A05052F}.Release|x64.Build.0 = Release|Any CPU
		{8423CE33-C8D2-422E-A737-16809A05052F}.Release|x86.ActiveCfg = Release|Any CPU
		{8423CE33-C8D2-422E-A737-16809A05052F}.Release|x86.Build.0 = Release|Any CPU
		{C729F30C-3702-4B96-8EDA-3ECF5379734B}.Debug|Any CPU.ActiveCfg = Debug|Any CPU
		{C729F30C-3702-4B96-8EDA-3ECF5379734B}.Debug|Any CPU.Build.0 = Debug|Any CPU
		{C729F30C-3702-4B96-8EDA-3ECF5379734B}.Debug|x64.ActiveCfg = Debug|Any CPU
		{C729F30C-3702-4B96-8EDA-3ECF5379734B}.Debug|x64.Build.0 = Debug|Any CPU
		{C729F30C-3702-4B96-8EDA-3ECF5379734B}.Debug|x86.ActiveCfg = Debug|Any CPU
		{C729F30C-3702-4B96-8EDA-3ECF5379734B}.Debug|x86.Build.0 = Debug|Any CPU
		{C729F30C-3702-4B96-8EDA-3ECF5379734B}.Release|Any CPU.ActiveCfg = Release|Any CPU
		{C729F30C-3702-4B96-8EDA-3ECF5379734B}.Release|Any CPU.Build.0 = Release|Any CPU
		{C729F30C-3702-4B96-8EDA-3ECF5379734B}.Release|x64.ActiveCfg = Release|Any CPU
		{C729F30C-3702-4B96-8EDA-3ECF5379734B}.Release|x64.Build.0 = Release|Any CPU
		{C729F30C-3702-4B96-8EDA-3ECF5379734B}.Release|x86.ActiveCfg = Release|Any CPU
		{C729F30C-3702-4B96-8EDA-3ECF5379734B}.Release|x86.Build.0 = Release|Any CPU
	EndGlobalSection
EndGlobal
